
Microsoft Visual Studio Solution File, Format Version 12.00
# Visual Studio Version 16
VisualStudioVersion = 16.0.32802.440
MinimumVisualStudioVersion = 10.0.40219.1
Project("{9A19103F-16F7-4668-BE54-9A1E7A4F7556}") = "Homework", "Task_19.11\Homework.csproj", "{8F05301F-9119-47BF-9EB8-FE6C387046D4}"
EndProject
Project("{FAE04EC0-301F-11D3-BF4B-00C04F79EFBC}") = "Tumakov", "Tumakov\Tumakov.csproj", "{43F10870-F8C3-4E33-AAB1-DB61EFB2EB4E}"
EndProject
Global
	GlobalSection(SolutionConfigurationPlatforms) = preSolution
		Debug|Any CPU = Debug|Any CPU
		Release|Any CPU = Release|Any CPU
	EndGlobalSection
	GlobalSection(ProjectConfigurationPlatforms) = postSolution
		{8F05301F-9119-47BF-9EB8-FE6C387046D4}.Debug|Any CPU.ActiveCfg = Debug|Any CPU
		{8F05301F-9119-47BF-9EB8-FE6C387046D4}.Debug|Any CPU.Build.0 = Debug|Any CPU
		{8F05301F-9119-47BF-9EB8-FE6C387046D4}.Release|Any CPU.ActiveCfg = Release|Any CPU
		{8F05301F-9119-47BF-9EB8-FE6C387046D4}.Release|Any CPU.Build.0 = Release|Any CPU
		{43F10870-F8C3-4E33-AAB1-DB61EFB2EB4E}.Debug|Any CPU.ActiveCfg = Debug|Any CPU
		{43F10870-F8C3-4E33-AAB1-DB61EFB2EB4E}.Debug|Any CPU.Build.0 = Debug|Any CPU
		{43F10870-F8C3-4E33-AAB1-DB61EFB2EB4E}.Release|Any CPU.ActiveCfg = Release|Any CPU
		{43F10870-F8C3-4E33-AAB1-DB61EFB2EB4E}.Release|Any CPU.Build.0 = Release|Any CPU
	EndGlobalSection
	GlobalSection(SolutionProperties) = preSolution
		HideSolutionNode = FALSE
	EndGlobalSection
	GlobalSection(ExtensibilityGlobals) = postSolution
		SolutionGuid = {7444B137-73E7-4913-B391-0778C3C108C6}
	EndGlobalSection
EndGlobal
